
Microsoft Visual Studio Solution File, Format Version 12.00
# Visual Studio Version 17
VisualStudioVersion = 17.11.35312.102
MinimumVisualStudioVersion = 10.0.40219.1
Project("{9A19103F-16F7-4668-BE54-9A1E7A4F7556}") = "ServerSide", "ServerSide\ServerSide.csproj", "{8EC9FBF1-5AEB-42C8-989D-3A18C682B245}"
EndProject
Global
	GlobalSection(SolutionConfigurationPlatforms) = preSolution
		Debug|Any CPU = Debug|Any CPU
		Release|Any CPU = Release|Any CPU
	EndGlobalSection
	GlobalSection(ProjectConfigurationPlatforms) = postSolution
		{8EC9FBF1-5AEB-42C8-989D-3A18C682B245}.Debug|Any CPU.ActiveCfg = Debug|Any CPU
		{8EC9FBF1-5AEB-42C8-989D-3A18C682B245}.Debug|Any CPU.Build.0 = Debug|Any CPU
		{8EC9FBF1-5AEB-42C8-989D-3A18C682B245}.Release|Any CPU.ActiveCfg = Release|Any CPU
		{8EC9FBF1-5AEB-42C8-989D-3A18C682B245}.Release|Any CPU.Build.0 = Release|Any CPU
	EndGlobalSection
	GlobalSection(SolutionProperties) = preSolution
		HideSolutionNode = FALSE
	EndGlobalSection
	GlobalSection(ExtensibilityGlobals) = postSolution
		SolutionGuid = {94BA54EB-A562-4D97-94C7-3982C8C739E4}
	EndGlobalSection
EndGlobal
